
Microsoft Visual Studio Solution File, Format Version 12.00
# Visual Studio Version 17
VisualStudioVersion = 17.8.34525.116
MinimumVisualStudioVersion = 10.0.40219.1
Project("{FAE04EC0-301F-11D3-BF4B-00C04F79EFBC}") = "Blog", "Blog\Blog.csproj", "{59DAD37A-9F12-4408-B6FA-C8466C2BDD70}"
EndProject
Global
	GlobalSection(SolutionConfigurationPlatforms) = preSolution
		Debug|Any CPU = Debug|Any CPU
		Release|Any CPU = Release|Any CPU
	EndGlobalSection
	GlobalSection(ProjectConfigurationPlatforms) = postSolution
		{59DAD37A-9F12-4408-B6FA-C8466C2BDD70}.Debug|Any CPU.ActiveCfg = Debug|Any CPU
		{59DAD37A-9F12-4408-B6FA-C8466C2BDD70}.Debug|Any CPU.Build.0 = Debug|Any CPU
		{59DAD37A-9F12-4408-B6FA-C8466C2BDD70}.Release|Any CPU.ActiveCfg = Release|Any CPU
		{59DAD37A-9F12-4408-B6FA-C8466C2BDD70}.Release|Any CPU.Build.0 = Release|Any CPU
	EndGlobalSection
	GlobalSection(SolutionProperties) = preSolution
		HideSolutionNode = FALSE
	EndGlobalSection
	GlobalSection(ExtensibilityGlobals) = postSolution
		SolutionGuid = {F2D8FFA7-E176-48FE-898B-25873D739A99}
	EndGlobalSection
EndGlobal
